// !$*UTF8*$!
{
	archiveVersion = 1;
	classes = {
	};
	objectVersion = 56;
	objects = {

/* Begin PBXBuildFile section */
		4A20191C2B84D3E5007FE769 /* QuestionListMode.swift in Sources */ = {isa = PBXBuildFile; fileRef = 4A20191B2B84D3E5007FE769 /* QuestionListMode.swift */; };
		4A3937872AD53F8D00BA5CE7 /* TabSelection.swift in Sources */ = {isa = PBXBuildFile; fileRef = 4A3937862AD53F8D00BA5CE7 /* TabSelection.swift */; };
		4A4AEB7E2BCA1F93003AB218 /* HowToUseStudy.txt in Resources */ = {isa = PBXBuildFile; fileRef = 4A4AEB7D2BCA1F93003AB218 /* HowToUseStudy.txt */; };
		4A4DE7F32B667C7100F1B4CB /* MedicineNameList.csv in Resources */ = {isa = PBXBuildFile; fileRef = 4A4DE7F22B667C7100F1B4CB /* MedicineNameList.csv */; };
		4A5C58632B9B754C00EB73B0 /* QuestionsViewModel.swift in Sources */ = {isa = PBXBuildFile; fileRef = 4A5C58622B9B754C00EB73B0 /* QuestionsViewModel.swift */; };
		4A764F082B492AD60052EB60 /* NavigationBarBackground.swift in Sources */ = {isa = PBXBuildFile; fileRef = 4A764F072B492AD60052EB60 /* NavigationBarBackground.swift */; };
		4A81B0FA2BCA448E007FEB0C /* HowToUseQuestionList.txt in Resources */ = {isa = PBXBuildFile; fileRef = 4A81B0F92BCA448E007FEB0C /* HowToUseQuestionList.txt */; };
		4A81B0FC2BCA5305007FEB0C /* HowToUseMedicineList.txt in Resources */ = {isa = PBXBuildFile; fileRef = 4A81B0FB2BCA5305007FEB0C /* HowToUseMedicineList.txt */; };
		4A8DA0752BCEACA100A92CE9 /* QuestionListPickerItem.swift in Sources */ = {isa = PBXBuildFile; fileRef = 4A8DA0742BCEACA100A92CE9 /* QuestionListPickerItem.swift */; };
		4A8DA0772BCFE36A00A92CE9 /* DefaultUUID.swift in Sources */ = {isa = PBXBuildFile; fileRef = 4A8DA0762BCFE36A00A92CE9 /* DefaultUUID.swift */; };
		4A9671592AC7B531006F7157 /* MainTabView.swift in Sources */ = {isa = PBXBuildFile; fileRef = 4A9671582AC7B531006F7157 /* MainTabView.swift */; };
		4A96715E2AC7B73E006F7157 /* QuestionListView.swift in Sources */ = {isa = PBXBuildFile; fileRef = 4A96715D2AC7B73E006F7157 /* QuestionListView.swift */; };
		4A9671602AC7B768006F7157 /* ModeSelectionView.swift in Sources */ = {isa = PBXBuildFile; fileRef = 4A96715F2AC7B768006F7157 /* ModeSelectionView.swift */; };
		4A9671622AC7B77A006F7157 /* RankingView.swift in Sources */ = {isa = PBXBuildFile; fileRef = 4A9671612AC7B77A006F7157 /* RankingView.swift */; };
		4A9671642AC7B787006F7157 /* MedicineListView.swift in Sources */ = {isa = PBXBuildFile; fileRef = 4A9671632AC7B787006F7157 /* MedicineListView.swift */; };
		4A9671662AC7B795006F7157 /* SettingsListView.swift in Sources */ = {isa = PBXBuildFile; fileRef = 4A9671652AC7B795006F7157 /* SettingsListView.swift */; };
		4A9671732AC80BDD006F7157 /* TopTabView.swift in Sources */ = {isa = PBXBuildFile; fileRef = 4A9671722AC80BDD006F7157 /* TopTabView.swift */; };
		4A9671752AC825E4006F7157 /* StudyView.swift in Sources */ = {isa = PBXBuildFile; fileRef = 4A9671742AC825E4006F7157 /* StudyView.swift */; };
		4A9671772AC82CBC006F7157 /* ResultView.swift in Sources */ = {isa = PBXBuildFile; fileRef = 4A9671762AC82CBC006F7157 /* ResultView.swift */; };
		4A9671792AC8578E006F7157 /* SignInView.swift in Sources */ = {isa = PBXBuildFile; fileRef = 4A9671782AC8578E006F7157 /* SignInView.swift */; };
		4A96717B2AC85A35006F7157 /* UserNameSettingView.swift in Sources */ = {isa = PBXBuildFile; fileRef = 4A96717A2AC85A35006F7157 /* UserNameSettingView.swift */; };
		4A96717E2AC87E55006F7157 /* QuestionListItem.swift in Sources */ = {isa = PBXBuildFile; fileRef = 4A96717D2AC87E55006F7157 /* QuestionListItem.swift */; };
		4A9671802AC886B9006F7157 /* QuestionsView.swift in Sources */ = {isa = PBXBuildFile; fileRef = 4A96717F2AC886B9006F7157 /* QuestionsView.swift */; };
		4A9671822AC888B7006F7157 /* MedicineItem.swift in Sources */ = {isa = PBXBuildFile; fileRef = 4A9671812AC888B7006F7157 /* MedicineItem.swift */; };
		4A9671842AC890B7006F7157 /* CreateQuestionListView.swift in Sources */ = {isa = PBXBuildFile; fileRef = 4A9671832AC890B7006F7157 /* CreateQuestionListView.swift */; };
		4A99F6512B2F36CE004672AD /* StudyResult.swift in Sources */ = {isa = PBXBuildFile; fileRef = 4A99F6502B2F36CE004672AD /* StudyResult.swift */; };
		4A99F6542B2F3BEC004672AD /* StudyItem.swift in Sources */ = {isa = PBXBuildFile; fileRef = 4A99F6532B2F3BEC004672AD /* StudyItem.swift */; };
		4A9C02012BAD853200133775 /* ModeSelectionViewModel.swift in Sources */ = {isa = PBXBuildFile; fileRef = 4A9C02002BAD853200133775 /* ModeSelectionViewModel.swift */; };
		4A9DDA662B66B2B900F65646 /* MedicineListViewModel.swift in Sources */ = {isa = PBXBuildFile; fileRef = 4A9DDA652B66B2B900F65646 /* MedicineListViewModel.swift */; };
		4AA088262AC92CF2005BD8C2 /* AddFriendView.swift in Sources */ = {isa = PBXBuildFile; fileRef = 4AA088252AC92CF2005BD8C2 /* AddFriendView.swift */; };
		4AA088302AC93A3C005BD8C2 /* QRCodeView.swift in Sources */ = {isa = PBXBuildFile; fileRef = 4AA0882F2AC93A3C005BD8C2 /* QRCodeView.swift */; };
		4AA088322AC9409D005BD8C2 /* MedicineCategory.swift in Sources */ = {isa = PBXBuildFile; fileRef = 4AA088312AC9409D005BD8C2 /* MedicineCategory.swift */; };
		4AA088342AC94A6B005BD8C2 /* AddMedicineView.swift in Sources */ = {isa = PBXBuildFile; fileRef = 4AA088332AC94A6B005BD8C2 /* AddMedicineView.swift */; };
		4AA088362AC96FCB005BD8C2 /* SettingsListItem.swift in Sources */ = {isa = PBXBuildFile; fileRef = 4AA088352AC96FCB005BD8C2 /* SettingsListItem.swift */; };
		4AA088382AC97DAD005BD8C2 /* HowToUseView.swift in Sources */ = {isa = PBXBuildFile; fileRef = 4AA088372AC97DAD005BD8C2 /* HowToUseView.swift */; };
		4AA0883A2AC97DCC005BD8C2 /* ReferenceView.swift in Sources */ = {isa = PBXBuildFile; fileRef = 4AA088392AC97DCC005BD8C2 /* ReferenceView.swift */; };
		4AA0883C2AC97DEC005BD8C2 /* AdvertisementView.swift in Sources */ = {isa = PBXBuildFile; fileRef = 4AA0883B2AC97DEC005BD8C2 /* AdvertisementView.swift */; };
		4AA0883E2AC97DFE005BD8C2 /* AccountView.swift in Sources */ = {isa = PBXBuildFile; fileRef = 4AA0883D2AC97DFE005BD8C2 /* AccountView.swift */; };
		4AA088422AC98796005BD8C2 /* HowToUse.swift in Sources */ = {isa = PBXBuildFile; fileRef = 4AA088412AC98796005BD8C2 /* HowToUse.swift */; };
		4AA088442AC98855005BD8C2 /* HowToUseStudyView.swift in Sources */ = {isa = PBXBuildFile; fileRef = 4AA088432AC98855005BD8C2 /* HowToUseStudyView.swift */; };
		4AA088462AC9886D005BD8C2 /* HowToUseQuestionListView.swift in Sources */ = {isa = PBXBuildFile; fileRef = 4AA088452AC9886D005BD8C2 /* HowToUseQuestionListView.swift */; };
		4AA088482AC98887005BD8C2 /* HowToUseRankingView.swift in Sources */ = {isa = PBXBuildFile; fileRef = 4AA088472AC98887005BD8C2 /* HowToUseRankingView.swift */; };
		4AA0884A2AC9889D005BD8C2 /* HowToUseMedicineListView.swift in Sources */ = {isa = PBXBuildFile; fileRef = 4AA088492AC9889D005BD8C2 /* HowToUseMedicineListView.swift */; };
		4AAD5DF02B5809F9000E62ED /* TextFieldBackground.swift in Sources */ = {isa = PBXBuildFile; fileRef = 4AAD5DEF2B5809F9000E62ED /* TextFieldBackground.swift */; };
		4AADB2CD2AC5588300C5A40E /* MedicineNameQuiz_SagaeApp.swift in Sources */ = {isa = PBXBuildFile; fileRef = 4AADB2CC2AC5588300C5A40E /* MedicineNameQuiz_SagaeApp.swift */; };
		4AADB2D12AC5588500C5A40E /* Assets.xcassets in Resources */ = {isa = PBXBuildFile; fileRef = 4AADB2D02AC5588500C5A40E /* Assets.xcassets */; };
		4AADB2D42AC5588500C5A40E /* Preview Assets.xcassets in Resources */ = {isa = PBXBuildFile; fileRef = 4AADB2D32AC5588500C5A40E /* Preview Assets.xcassets */; };
		4AADB2D62AC5588500C5A40E /* Persistence.swift in Sources */ = {isa = PBXBuildFile; fileRef = 4AADB2D52AC5588500C5A40E /* Persistence.swift */; };
		4AADB2D92AC5588500C5A40E /* MedicineNameQuiz_Sagae.xcdatamodeld in Sources */ = {isa = PBXBuildFile; fileRef = 4AADB2D72AC5588500C5A40E /* MedicineNameQuiz_Sagae.xcdatamodeld */; };
		4AB111652B2E091500DD79F2 /* StudyMode.swift in Sources */ = {isa = PBXBuildFile; fileRef = 4AB111642B2E091500DD79F2 /* StudyMode.swift */; };
		4ABE86532B03465B003AC69F /* ChallengeRankingView.swift in Sources */ = {isa = PBXBuildFile; fileRef = 4ABE86522B03465B003AC69F /* ChallengeRankingView.swift */; };
		4ABE86552B034828003AC69F /* RankingResultView.swift in Sources */ = {isa = PBXBuildFile; fileRef = 4ABE86542B034828003AC69F /* RankingResultView.swift */; };
		4AD429762B159B6100FEE2DD /* AnswerButton.swift in Sources */ = {isa = PBXBuildFile; fileRef = 4AD429752B159B6100FEE2DD /* AnswerButton.swift */; };
		4AD429782B15A21C00FEE2DD /* AnswerButtonType.swift in Sources */ = {isa = PBXBuildFile; fileRef = 4AD429772B15A21C00FEE2DD /* AnswerButtonType.swift */; };
		4AD680A92B33453D00414F22 /* MedicineListItem.swift in Sources */ = {isa = PBXBuildFile; fileRef = 4AD680A82B33453D00414F22 /* MedicineListItem.swift */; };
		4AD680AB2B34868100414F22 /* MedicineSelectableList.swift in Sources */ = {isa = PBXBuildFile; fileRef = 4AD680AA2B34868100414F22 /* MedicineSelectableList.swift */; };
		4AD7AE132B87ABB400D0DBF7 /* CSVLoader.swift in Sources */ = {isa = PBXBuildFile; fileRef = 4AD7AE122B87ABB400D0DBF7 /* CSVLoader.swift */; };
		4AD7AE162B87ADAE00D0DBF7 /* CreateQuestionListViewModel.swift in Sources */ = {isa = PBXBuildFile; fileRef = 4AD7AE152B87ADAE00D0DBF7 /* CreateQuestionListViewModel.swift */; };
		4AD7AE182B87C94D00D0DBF7 /* CreateQuestionListModel.swift in Sources */ = {isa = PBXBuildFile; fileRef = 4AD7AE172B87C94D00D0DBF7 /* CreateQuestionListModel.swift */; };
		4AFA48982B3D61A200FC29B8 /* SearchBar.swift in Sources */ = {isa = PBXBuildFile; fileRef = 4AFA48972B3D61A200FC29B8 /* SearchBar.swift */; };
/* End PBXBuildFile section */

/* Begin PBXFileReference section */
		4A20191B2B84D3E5007FE769 /* QuestionListMode.swift */ = {isa = PBXFileReference; lastKnownFileType = sourcecode.swift; path = QuestionListMode.swift; sourceTree = "<group>"; };
		4A3937862AD53F8D00BA5CE7 /* TabSelection.swift */ = {isa = PBXFileReference; lastKnownFileType = sourcecode.swift; path = TabSelection.swift; sourceTree = "<group>"; };
		4A4AEB7D2BCA1F93003AB218 /* HowToUseStudy.txt */ = {isa = PBXFileReference; fileEncoding = 4; lastKnownFileType = text; path = HowToUseStudy.txt; sourceTree = SOURCE_ROOT; };
		4A4DE7F22B667C7100F1B4CB /* MedicineNameList.csv */ = {isa = PBXFileReference; lastKnownFileType = text; path = MedicineNameList.csv; sourceTree = SOURCE_ROOT; };
		4A5C58622B9B754C00EB73B0 /* QuestionsViewModel.swift */ = {isa = PBXFileReference; lastKnownFileType = sourcecode.swift; path = QuestionsViewModel.swift; sourceTree = "<group>"; };
		4A764F072B492AD60052EB60 /* NavigationBarBackground.swift */ = {isa = PBXFileReference; lastKnownFileType = sourcecode.swift; path = NavigationBarBackground.swift; sourceTree = "<group>"; };
		4A81B0F92BCA448E007FEB0C /* HowToUseQuestionList.txt */ = {isa = PBXFileReference; fileEncoding = 4; lastKnownFileType = text; path = HowToUseQuestionList.txt; sourceTree = SOURCE_ROOT; };
		4A81B0FB2BCA5305007FEB0C /* HowToUseMedicineList.txt */ = {isa = PBXFileReference; fileEncoding = 4; lastKnownFileType = text; path = HowToUseMedicineList.txt; sourceTree = SOURCE_ROOT; };
		4A8DA0742BCEACA100A92CE9 /* QuestionListPickerItem.swift */ = {isa = PBXFileReference; lastKnownFileType = sourcecode.swift; path = QuestionListPickerItem.swift; sourceTree = "<group>"; };
		4A8DA0762BCFE36A00A92CE9 /* DefaultUUID.swift */ = {isa = PBXFileReference; lastKnownFileType = sourcecode.swift; path = DefaultUUID.swift; sourceTree = "<group>"; };
		4A9671582AC7B531006F7157 /* MainTabView.swift */ = {isa = PBXFileReference; lastKnownFileType = sourcecode.swift; path = MainTabView.swift; sourceTree = "<group>"; };
		4A96715D2AC7B73E006F7157 /* QuestionListView.swift */ = {isa = PBXFileReference; lastKnownFileType = sourcecode.swift; path = QuestionListView.swift; sourceTree = "<group>"; };
		4A96715F2AC7B768006F7157 /* ModeSelectionView.swift */ = {isa = PBXFileReference; lastKnownFileType = sourcecode.swift; path = ModeSelectionView.swift; sourceTree = "<group>"; };
		4A9671612AC7B77A006F7157 /* RankingView.swift */ = {isa = PBXFileReference; lastKnownFileType = sourcecode.swift; path = RankingView.swift; sourceTree = "<group>"; };
		4A9671632AC7B787006F7157 /* MedicineListView.swift */ = {isa = PBXFileReference; lastKnownFileType = sourcecode.swift; path = MedicineListView.swift; sourceTree = "<group>"; };
		4A9671652AC7B795006F7157 /* SettingsListView.swift */ = {isa = PBXFileReference; lastKnownFileType = sourcecode.swift; path = SettingsListView.swift; sourceTree = "<group>"; };
		4A9671722AC80BDD006F7157 /* TopTabView.swift */ = {isa = PBXFileReference; lastKnownFileType = sourcecode.swift; path = TopTabView.swift; sourceTree = "<group>"; };
		4A9671742AC825E4006F7157 /* StudyView.swift */ = {isa = PBXFileReference; lastKnownFileType = sourcecode.swift; path = StudyView.swift; sourceTree = "<group>"; };
		4A9671762AC82CBC006F7157 /* ResultView.swift */ = {isa = PBXFileReference; lastKnownFileType = sourcecode.swift; path = ResultView.swift; sourceTree = "<group>"; };
		4A9671782AC8578E006F7157 /* SignInView.swift */ = {isa = PBXFileReference; lastKnownFileType = sourcecode.swift; path = SignInView.swift; sourceTree = "<group>"; };
		4A96717A2AC85A35006F7157 /* UserNameSettingView.swift */ = {isa = PBXFileReference; lastKnownFileType = sourcecode.swift; path = UserNameSettingView.swift; sourceTree = "<group>"; };
		4A96717D2AC87E55006F7157 /* QuestionListItem.swift */ = {isa = PBXFileReference; lastKnownFileType = sourcecode.swift; path = QuestionListItem.swift; sourceTree = "<group>"; };
		4A96717F2AC886B9006F7157 /* QuestionsView.swift */ = {isa = PBXFileReference; lastKnownFileType = sourcecode.swift; path = QuestionsView.swift; sourceTree = "<group>"; };
		4A9671812AC888B7006F7157 /* MedicineItem.swift */ = {isa = PBXFileReference; lastKnownFileType = sourcecode.swift; path = MedicineItem.swift; sourceTree = "<group>"; };
		4A9671832AC890B7006F7157 /* CreateQuestionListView.swift */ = {isa = PBXFileReference; lastKnownFileType = sourcecode.swift; path = CreateQuestionListView.swift; sourceTree = "<group>"; };
		4A99F6502B2F36CE004672AD /* StudyResult.swift */ = {isa = PBXFileReference; lastKnownFileType = sourcecode.swift; path = StudyResult.swift; sourceTree = "<group>"; };
		4A99F6532B2F3BEC004672AD /* StudyItem.swift */ = {isa = PBXFileReference; lastKnownFileType = sourcecode.swift; path = StudyItem.swift; sourceTree = "<group>"; };
		4A9C02002BAD853200133775 /* ModeSelectionViewModel.swift */ = {isa = PBXFileReference; lastKnownFileType = sourcecode.swift; path = ModeSelectionViewModel.swift; sourceTree = "<group>"; };
		4A9DDA652B66B2B900F65646 /* MedicineListViewModel.swift */ = {isa = PBXFileReference; lastKnownFileType = sourcecode.swift; path = MedicineListViewModel.swift; sourceTree = "<group>"; };
		4AA088252AC92CF2005BD8C2 /* AddFriendView.swift */ = {isa = PBXFileReference; lastKnownFileType = sourcecode.swift; path = AddFriendView.swift; sourceTree = "<group>"; };
		4AA0882F2AC93A3C005BD8C2 /* QRCodeView.swift */ = {isa = PBXFileReference; lastKnownFileType = sourcecode.swift; path = QRCodeView.swift; sourceTree = "<group>"; };
		4AA088312AC9409D005BD8C2 /* MedicineCategory.swift */ = {isa = PBXFileReference; lastKnownFileType = sourcecode.swift; path = MedicineCategory.swift; sourceTree = "<group>"; };
		4AA088332AC94A6B005BD8C2 /* AddMedicineView.swift */ = {isa = PBXFileReference; lastKnownFileType = sourcecode.swift; path = AddMedicineView.swift; sourceTree = "<group>"; };
		4AA088352AC96FCB005BD8C2 /* SettingsListItem.swift */ = {isa = PBXFileReference; lastKnownFileType = sourcecode.swift; path = SettingsListItem.swift; sourceTree = "<group>"; };
		4AA088372AC97DAD005BD8C2 /* HowToUseView.swift */ = {isa = PBXFileReference; lastKnownFileType = sourcecode.swift; path = HowToUseView.swift; sourceTree = "<group>"; };
		4AA088392AC97DCC005BD8C2 /* ReferenceView.swift */ = {isa = PBXFileReference; lastKnownFileType = sourcecode.swift; path = ReferenceView.swift; sourceTree = "<group>"; };
		4AA0883B2AC97DEC005BD8C2 /* AdvertisementView.swift */ = {isa = PBXFileReference; lastKnownFileType = sourcecode.swift; path = AdvertisementView.swift; sourceTree = "<group>"; };
		4AA0883D2AC97DFE005BD8C2 /* AccountView.swift */ = {isa = PBXFileReference; lastKnownFileType = sourcecode.swift; path = AccountView.swift; sourceTree = "<group>"; };
		4AA088412AC98796005BD8C2 /* HowToUse.swift */ = {isa = PBXFileReference; lastKnownFileType = sourcecode.swift; path = HowToUse.swift; sourceTree = "<group>"; };
		4AA088432AC98855005BD8C2 /* HowToUseStudyView.swift */ = {isa = PBXFileReference; lastKnownFileType = sourcecode.swift; path = HowToUseStudyView.swift; sourceTree = "<group>"; };
		4AA088452AC9886D005BD8C2 /* HowToUseQuestionListView.swift */ = {isa = PBXFileReference; lastKnownFileType = sourcecode.swift; path = HowToUseQuestionListView.swift; sourceTree = "<group>"; };
		4AA088472AC98887005BD8C2 /* HowToUseRankingView.swift */ = {isa = PBXFileReference; lastKnownFileType = sourcecode.swift; path = HowToUseRankingView.swift; sourceTree = "<group>"; };
		4AA088492AC9889D005BD8C2 /* HowToUseMedicineListView.swift */ = {isa = PBXFileReference; lastKnownFileType = sourcecode.swift; path = HowToUseMedicineListView.swift; sourceTree = "<group>"; };
		4AAD5DEF2B5809F9000E62ED /* TextFieldBackground.swift */ = {isa = PBXFileReference; lastKnownFileType = sourcecode.swift; path = TextFieldBackground.swift; sourceTree = "<group>"; };
		4AADB2C92AC5588300C5A40E /* MedicineNameQuiz_Sagae.app */ = {isa = PBXFileReference; explicitFileType = wrapper.application; includeInIndex = 0; path = MedicineNameQuiz_Sagae.app; sourceTree = BUILT_PRODUCTS_DIR; };
		4AADB2CC2AC5588300C5A40E /* MedicineNameQuiz_SagaeApp.swift */ = {isa = PBXFileReference; lastKnownFileType = sourcecode.swift; path = MedicineNameQuiz_SagaeApp.swift; sourceTree = "<group>"; };
		4AADB2D02AC5588500C5A40E /* Assets.xcassets */ = {isa = PBXFileReference; lastKnownFileType = folder.assetcatalog; path = Assets.xcassets; sourceTree = "<group>"; };
		4AADB2D32AC5588500C5A40E /* Preview Assets.xcassets */ = {isa = PBXFileReference; lastKnownFileType = folder.assetcatalog; path = "Preview Assets.xcassets"; sourceTree = "<group>"; };
		4AADB2D52AC5588500C5A40E /* Persistence.swift */ = {isa = PBXFileReference; lastKnownFileType = sourcecode.swift; path = Persistence.swift; sourceTree = "<group>"; };
		4AADB2D82AC5588500C5A40E /* MedicineNameQuiz_Sagae.xcdatamodel */ = {isa = PBXFileReference; lastKnownFileType = wrapper.xcdatamodel; path = MedicineNameQuiz_Sagae.xcdatamodel; sourceTree = "<group>"; };
		4AB111642B2E091500DD79F2 /* StudyMode.swift */ = {isa = PBXFileReference; lastKnownFileType = sourcecode.swift; path = StudyMode.swift; sourceTree = "<group>"; };
		4ABE86522B03465B003AC69F /* ChallengeRankingView.swift */ = {isa = PBXFileReference; lastKnownFileType = sourcecode.swift; path = ChallengeRankingView.swift; sourceTree = "<group>"; };
		4ABE86542B034828003AC69F /* RankingResultView.swift */ = {isa = PBXFileReference; lastKnownFileType = sourcecode.swift; path = RankingResultView.swift; sourceTree = "<group>"; };
		4AD429752B159B6100FEE2DD /* AnswerButton.swift */ = {isa = PBXFileReference; lastKnownFileType = sourcecode.swift; path = AnswerButton.swift; sourceTree = "<group>"; };
		4AD429772B15A21C00FEE2DD /* AnswerButtonType.swift */ = {isa = PBXFileReference; lastKnownFileType = sourcecode.swift; path = AnswerButtonType.swift; sourceTree = "<group>"; };
		4AD680A82B33453D00414F22 /* MedicineListItem.swift */ = {isa = PBXFileReference; lastKnownFileType = sourcecode.swift; path = MedicineListItem.swift; sourceTree = "<group>"; };
		4AD680AA2B34868100414F22 /* MedicineSelectableList.swift */ = {isa = PBXFileReference; lastKnownFileType = sourcecode.swift; path = MedicineSelectableList.swift; sourceTree = "<group>"; };
		4AD7AE122B87ABB400D0DBF7 /* CSVLoader.swift */ = {isa = PBXFileReference; lastKnownFileType = sourcecode.swift; path = CSVLoader.swift; sourceTree = "<group>"; };
		4AD7AE152B87ADAE00D0DBF7 /* CreateQuestionListViewModel.swift */ = {isa = PBXFileReference; lastKnownFileType = sourcecode.swift; path = CreateQuestionListViewModel.swift; sourceTree = "<group>"; };
		4AD7AE172B87C94D00D0DBF7 /* CreateQuestionListModel.swift */ = {isa = PBXFileReference; lastKnownFileType = sourcecode.swift; path = CreateQuestionListModel.swift; sourceTree = "<group>"; };
		4AFA48972B3D61A200FC29B8 /* SearchBar.swift */ = {isa = PBXFileReference; lastKnownFileType = sourcecode.swift; path = SearchBar.swift; sourceTree = "<group>"; };
/* End PBXFileReference section */

/* Begin PBXFrameworksBuildPhase section */
		4AADB2C62AC5588300C5A40E /* Frameworks */ = {
			isa = PBXFrameworksBuildPhase;
			buildActionMask = 2147483647;
			files = (
			);
			runOnlyForDeploymentPostprocessing = 0;
		};
/* End PBXFrameworksBuildPhase section */

/* Begin PBXGroup section */
		4A96715A2AC7B711006F7157 /* View */ = {
			isa = PBXGroup;
			children = (
				4A9671582AC7B531006F7157 /* MainTabView.swift */,
				4A9671782AC8578E006F7157 /* SignInView.swift */,
				4A96717A2AC85A35006F7157 /* UserNameSettingView.swift */,
				4AFA48972B3D61A200FC29B8 /* SearchBar.swift */,
				4A764F072B492AD60052EB60 /* NavigationBarBackground.swift */,
				4AAD5DEF2B5809F9000E62ED /* TextFieldBackground.swift */,
				4AA088272AC935B3005BD8C2 /* Study */,
				4AA088282AC935E4005BD8C2 /* QuestionList */,
				4AA088292AC93608005BD8C2 /* Ranking */,
				4AA0882B2AC93634005BD8C2 /* MedicineList */,
				4AA0882C2AC93648005BD8C2 /* Settings */,
			);
			path = View;
			sourceTree = "<group>";
		};
		4A9671672AC7B810006F7157 /* Model */ = {
			isa = PBXGroup;
			children = (
				4A96717D2AC87E55006F7157 /* QuestionListItem.swift */,
				4A3937862AD53F8D00BA5CE7 /* TabSelection.swift */,
				4A9671812AC888B7006F7157 /* MedicineItem.swift */,
				4AA088312AC9409D005BD8C2 /* MedicineCategory.swift */,
				4AA088352AC96FCB005BD8C2 /* SettingsListItem.swift */,
				4AA088412AC98796005BD8C2 /* HowToUse.swift */,
				4AD429772B15A21C00FEE2DD /* AnswerButtonType.swift */,
				4AD680A82B33453D00414F22 /* MedicineListItem.swift */,
				4AB111642B2E091500DD79F2 /* StudyMode.swift */,
				4A99F6502B2F36CE004672AD /* StudyResult.swift */,
				4A99F6532B2F3BEC004672AD /* StudyItem.swift */,
				4A20191B2B84D3E5007FE769 /* QuestionListMode.swift */,
				4AD7AE122B87ABB400D0DBF7 /* CSVLoader.swift */,
				4AD7AE172B87C94D00D0DBF7 /* CreateQuestionListModel.swift */,
				4A8DA0742BCEACA100A92CE9 /* QuestionListPickerItem.swift */,
				4A8DA0762BCFE36A00A92CE9 /* DefaultUUID.swift */,
			);
			path = Model;
			sourceTree = "<group>";
		};
		4A9DDA642B66B29300F65646 /* ViewModel */ = {
			isa = PBXGroup;
			children = (
				4A9C02002BAD853200133775 /* ModeSelectionViewModel.swift */,
				4AD7AE152B87ADAE00D0DBF7 /* CreateQuestionListViewModel.swift */,
				4A5C58622B9B754C00EB73B0 /* QuestionsViewModel.swift */,
				4A9DDA652B66B2B900F65646 /* MedicineListViewModel.swift */,
			);
			path = ViewModel;
			sourceTree = "<group>";
		};
		4AA088272AC935B3005BD8C2 /* Study */ = {
			isa = PBXGroup;
			children = (
				4A96715F2AC7B768006F7157 /* ModeSelectionView.swift */,
				4A9671742AC825E4006F7157 /* StudyView.swift */,
				4A9671762AC82CBC006F7157 /* ResultView.swift */,
				4AD429752B159B6100FEE2DD /* AnswerButton.swift */,
			);
			path = Study;
			sourceTree = "<group>";
		};
		4AA088282AC935E4005BD8C2 /* QuestionList */ = {
			isa = PBXGroup;
			children = (
				4A96715D2AC7B73E006F7157 /* QuestionListView.swift */,
				4A96717F2AC886B9006F7157 /* QuestionsView.swift */,
				4A9671832AC890B7006F7157 /* CreateQuestionListView.swift */,
				4AD680AA2B34868100414F22 /* MedicineSelectableList.swift */,
			);
			path = QuestionList;
			sourceTree = "<group>";
		};
		4AA088292AC93608005BD8C2 /* Ranking */ = {
			isa = PBXGroup;
			children = (
				4A9671612AC7B77A006F7157 /* RankingView.swift */,
				4ABE86522B03465B003AC69F /* ChallengeRankingView.swift */,
				4ABE86542B034828003AC69F /* RankingResultView.swift */,
				4AA088252AC92CF2005BD8C2 /* AddFriendView.swift */,
				4AA0882F2AC93A3C005BD8C2 /* QRCodeView.swift */,
			);
			path = Ranking;
			sourceTree = "<group>";
		};
		4AA0882B2AC93634005BD8C2 /* MedicineList */ = {
			isa = PBXGroup;
			children = (
				4A9671632AC7B787006F7157 /* MedicineListView.swift */,
				4AA088332AC94A6B005BD8C2 /* AddMedicineView.swift */,
				4A9671722AC80BDD006F7157 /* TopTabView.swift */,
			);
			path = MedicineList;
			sourceTree = "<group>";
		};
		4AA0882C2AC93648005BD8C2 /* Settings */ = {
			isa = PBXGroup;
			children = (
				4A9671652AC7B795006F7157 /* SettingsListView.swift */,
				4AA088372AC97DAD005BD8C2 /* HowToUseView.swift */,
				4AA088432AC98855005BD8C2 /* HowToUseStudyView.swift */,
				4AA088452AC9886D005BD8C2 /* HowToUseQuestionListView.swift */,
				4AA088472AC98887005BD8C2 /* HowToUseRankingView.swift */,
				4AA088492AC9889D005BD8C2 /* HowToUseMedicineListView.swift */,
				4AA088392AC97DCC005BD8C2 /* ReferenceView.swift */,
				4AA0883B2AC97DEC005BD8C2 /* AdvertisementView.swift */,
				4AA0883D2AC97DFE005BD8C2 /* AccountView.swift */,
			);
			path = Settings;
			sourceTree = "<group>";
		};
		4AADB2C02AC5588300C5A40E = {
			isa = PBXGroup;
			children = (
				4AADB2CB2AC5588300C5A40E /* MedicineNameQuiz_Sagae */,
				4AADB2CA2AC5588300C5A40E /* Products */,
			);
			sourceTree = "<group>";
		};
		4AADB2CA2AC5588300C5A40E /* Products */ = {
			isa = PBXGroup;
			children = (
				4AADB2C92AC5588300C5A40E /* MedicineNameQuiz_Sagae.app */,
			);
			name = Products;
			sourceTree = "<group>";
		};
		4AADB2CB2AC5588300C5A40E /* MedicineNameQuiz_Sagae */ = {
			isa = PBXGroup;
			children = (
				4AADB2CC2AC5588300C5A40E /* MedicineNameQuiz_SagaeApp.swift */,
				4AADB2D52AC5588500C5A40E /* Persistence.swift */,
				4A4DE7F22B667C7100F1B4CB /* MedicineNameList.csv */,
				4A4AEB7D2BCA1F93003AB218 /* HowToUseStudy.txt */,
				4A81B0F92BCA448E007FEB0C /* HowToUseQuestionList.txt */,
				4A81B0FB2BCA5305007FEB0C /* HowToUseMedicineList.txt */,
				4A9671672AC7B810006F7157 /* Model */,
				4A96715A2AC7B711006F7157 /* View */,
				4A9DDA642B66B29300F65646 /* ViewModel */,
				4AADB2D02AC5588500C5A40E /* Assets.xcassets */,
				4AADB2D72AC5588500C5A40E /* MedicineNameQuiz_Sagae.xcdatamodeld */,
				4AADB2D22AC5588500C5A40E /* Preview Content */,
			);
			path = MedicineNameQuiz_Sagae;
			sourceTree = "<group>";
		};
		4AADB2D22AC5588500C5A40E /* Preview Content */ = {
			isa = PBXGroup;
			children = (
				4AADB2D32AC5588500C5A40E /* Preview Assets.xcassets */,
			);
			path = "Preview Content";
			sourceTree = "<group>";
		};
/* End PBXGroup section */

/* Begin PBXNativeTarget section */
		4AADB2C82AC5588300C5A40E /* MedicineNameQuiz_Sagae */ = {
			isa = PBXNativeTarget;
			buildConfigurationList = 4AADB2DC2AC5588500C5A40E /* Build configuration list for PBXNativeTarget "MedicineNameQuiz_Sagae" */;
			buildPhases = (
				4AADB2C52AC5588300C5A40E /* Sources */,
				4AADB2C62AC5588300C5A40E /* Frameworks */,
				4AADB2C72AC5588300C5A40E /* Resources */,
				4AAF5CE52B91E84200CBE6DE /* ShellScript */,
			);
			buildRules = (
			);
			dependencies = (
			);
			name = MedicineNameQuiz_Sagae;
			productName = MedicineNameQuiz_Sagae;
			productReference = 4AADB2C92AC5588300C5A40E /* MedicineNameQuiz_Sagae.app */;
			productType = "com.apple.product-type.application";
		};
/* End PBXNativeTarget section */

/* Begin PBXProject section */
		4AADB2C12AC5588300C5A40E /* Project object */ = {
			isa = PBXProject;
			attributes = {
				BuildIndependentTargetsInParallel = YES;
				LastSwiftUpdateCheck = 1500;
				LastUpgradeCheck = 1510;
				TargetAttributes = {
					4AADB2C82AC5588300C5A40E = {
						CreatedOnToolsVersion = 15.0;
					};
				};
			};
			buildConfigurationList = 4AADB2C42AC5588300C5A40E /* Build configuration list for PBXProject "MedicineNameQuiz_Sagae" */;
			compatibilityVersion = "Xcode 14.0";
			developmentRegion = ja;
			hasScannedForEncodings = 0;
			knownRegions = (
				en,
				Base,
				ja,
			);
			mainGroup = 4AADB2C02AC5588300C5A40E;
			productRefGroup = 4AADB2CA2AC5588300C5A40E /* Products */;
			projectDirPath = "";
			projectRoot = "";
			targets = (
				4AADB2C82AC5588300C5A40E /* MedicineNameQuiz_Sagae */,
			);
		};
/* End PBXProject section */

/* Begin PBXResourcesBuildPhase section */
		4AADB2C72AC5588300C5A40E /* Resources */ = {
			isa = PBXResourcesBuildPhase;
			buildActionMask = 2147483647;
			files = (
				4A81B0FA2BCA448E007FEB0C /* HowToUseQuestionList.txt in Resources */,
				4A4DE7F32B667C7100F1B4CB /* MedicineNameList.csv in Resources */,
				4AADB2D42AC5588500C5A40E /* Preview Assets.xcassets in Resources */,
				4A4AEB7E2BCA1F93003AB218 /* HowToUseStudy.txt in Resources */,
				4A81B0FC2BCA5305007FEB0C /* HowToUseMedicineList.txt in Resources */,
				4AADB2D12AC5588500C5A40E /* Assets.xcassets in Resources */,
			);
			runOnlyForDeploymentPostprocessing = 0;
		};
/* End PBXResourcesBuildPhase section */

/* Begin PBXShellScriptBuildPhase section */
		4AAF5CE52B91E84200CBE6DE /* ShellScript */ = {
			isa = PBXShellScriptBuildPhase;
			alwaysOutOfDate = 1;
			buildActionMask = 12;
			files = (
			);
			inputFileListPaths = (
			);
			inputPaths = (
			);
			outputFileListPaths = (
			);
			outputPaths = (
			);
			runOnlyForDeploymentPostprocessing = 0;
			shellPath = /bin/sh;
			shellScript = "export PATH=\"$PATH:/opt/homebrew/bin\"\n\nif which swiftlint; then\n    swiftlint --fix --format\nelse\n  echo \"warning: SwiftLint not installed, download from https://github.com/realm/SwiftLint\"\nfi\n";
		};
/* End PBXShellScriptBuildPhase section */

/* Begin PBXSourcesBuildPhase section */
		4AADB2C52AC5588300C5A40E /* Sources */ = {
			isa = PBXSourcesBuildPhase;
			buildActionMask = 2147483647;
			files = (
				4A9671622AC7B77A006F7157 /* RankingView.swift in Sources */,
				4AD7AE182B87C94D00D0DBF7 /* CreateQuestionListModel.swift in Sources */,
				4AADB2D62AC5588500C5A40E /* Persistence.swift in Sources */,
				4AA088362AC96FCB005BD8C2 /* SettingsListItem.swift in Sources */,
				4AA088262AC92CF2005BD8C2 /* AddFriendView.swift in Sources */,
				4A3937872AD53F8D00BA5CE7 /* TabSelection.swift in Sources */,
				4A96717E2AC87E55006F7157 /* QuestionListItem.swift in Sources */,
				4A9671802AC886B9006F7157 /* QuestionsView.swift in Sources */,
				4A9671772AC82CBC006F7157 /* ResultView.swift in Sources */,
				4AA088422AC98796005BD8C2 /* HowToUse.swift in Sources */,
				4A9671822AC888B7006F7157 /* MedicineItem.swift in Sources */,
				4A9671592AC7B531006F7157 /* MainTabView.swift in Sources */,
				4A99F6542B2F3BEC004672AD /* StudyItem.swift in Sources */,
				4AA0883A2AC97DCC005BD8C2 /* ReferenceView.swift in Sources */,
				4A99F6512B2F36CE004672AD /* StudyResult.swift in Sources */,
				4AADB2CD2AC5588300C5A40E /* MedicineNameQuiz_SagaeApp.swift in Sources */,
				4A764F082B492AD60052EB60 /* NavigationBarBackground.swift in Sources */,
				4ABE86532B03465B003AC69F /* ChallengeRankingView.swift in Sources */,
				4AD429782B15A21C00FEE2DD /* AnswerButtonType.swift in Sources */,
				4AD680A92B33453D00414F22 /* MedicineListItem.swift in Sources */,
				4AA088462AC9886D005BD8C2 /* HowToUseQuestionListView.swift in Sources */,
				4A96717B2AC85A35006F7157 /* UserNameSettingView.swift in Sources */,
				4A9C02012BAD853200133775 /* ModeSelectionViewModel.swift in Sources */,
				4AA088442AC98855005BD8C2 /* HowToUseStudyView.swift in Sources */,
				4AA0883C2AC97DEC005BD8C2 /* AdvertisementView.swift in Sources */,
				4AD7AE162B87ADAE00D0DBF7 /* CreateQuestionListViewModel.swift in Sources */,
				4AA088482AC98887005BD8C2 /* HowToUseRankingView.swift in Sources */,
				4A20191C2B84D3E5007FE769 /* QuestionListMode.swift in Sources */,
				4AA088342AC94A6B005BD8C2 /* AddMedicineView.swift in Sources */,
				4AA088302AC93A3C005BD8C2 /* QRCodeView.swift in Sources */,
				4A5C58632B9B754C00EB73B0 /* QuestionsViewModel.swift in Sources */,
				4A9671842AC890B7006F7157 /* CreateQuestionListView.swift in Sources */,
				4AA088322AC9409D005BD8C2 /* MedicineCategory.swift in Sources */,
				4A96715E2AC7B73E006F7157 /* QuestionListView.swift in Sources */,
				4A9671662AC7B795006F7157 /* SettingsListView.swift in Sources */,
				4A9DDA662B66B2B900F65646 /* MedicineListViewModel.swift in Sources */,
				4A9671602AC7B768006F7157 /* ModeSelectionView.swift in Sources */,
				4AD680AB2B34868100414F22 /* MedicineSelectableList.swift in Sources */,
				4A8DA0752BCEACA100A92CE9 /* QuestionListPickerItem.swift in Sources */,
				4AD429762B159B6100FEE2DD /* AnswerButton.swift in Sources */,
				4A9671732AC80BDD006F7157 /* TopTabView.swift in Sources */,
				4AA0884A2AC9889D005BD8C2 /* HowToUseMedicineListView.swift in Sources */,
				4AA088382AC97DAD005BD8C2 /* HowToUseView.swift in Sources */,
				4AAD5DF02B5809F9000E62ED /* TextFieldBackground.swift in Sources */,
				4A8DA0772BCFE36A00A92CE9 /* DefaultUUID.swift in Sources */,
				4A9671642AC7B787006F7157 /* MedicineListView.swift in Sources */,
				4AFA48982B3D61A200FC29B8 /* SearchBar.swift in Sources */,
				4AADB2D92AC5588500C5A40E /* MedicineNameQuiz_Sagae.xcdatamodeld in Sources */,
				4ABE86552B034828003AC69F /* RankingResultView.swift in Sources */,
				4AB111652B2E091500DD79F2 /* StudyMode.swift in Sources */,
				4A9671792AC8578E006F7157 /* SignInView.swift in Sources */,
				4AD7AE132B87ABB400D0DBF7 /* CSVLoader.swift in Sources */,
				4AA0883E2AC97DFE005BD8C2 /* AccountView.swift in Sources */,
				4A9671752AC825E4006F7157 /* StudyView.swift in Sources */,
			);
			runOnlyForDeploymentPostprocessing = 0;
		};
/* End PBXSourcesBuildPhase section */

/* Begin XCBuildConfiguration section */
		4AADB2DA2AC5588500C5A40E /* Debug */ = {
			isa = XCBuildConfiguration;
			buildSettings = {
				ALWAYS_SEARCH_USER_PATHS = NO;
				ASSETCATALOG_COMPILER_GENERATE_SWIFT_ASSET_SYMBOL_EXTENSIONS = YES;
				CLANG_ANALYZER_LOCALIZABILITY_NONLOCALIZED = YES;
				CLANG_ANALYZER_NONNULL = YES;
				CLANG_ANALYZER_NUMBER_OBJECT_CONVERSION = YES_AGGRESSIVE;
				CLANG_CXX_LANGUAGE_STANDARD = "gnu++20";
				CLANG_ENABLE_MODULES = YES;
				CLANG_ENABLE_OBJC_ARC = YES;
				CLANG_ENABLE_OBJC_WEAK = YES;
				CLANG_WARN_BLOCK_CAPTURE_AUTORELEASING = YES;
				CLANG_WARN_BOOL_CONVERSION = YES;
				CLANG_WARN_COMMA = YES;
				CLANG_WARN_CONSTANT_CONVERSION = YES;
				CLANG_WARN_DEPRECATED_OBJC_IMPLEMENTATIONS = YES;
				CLANG_WARN_DIRECT_OBJC_ISA_USAGE = YES_ERROR;
				CLANG_WARN_DOCUMENTATION_COMMENTS = YES;
				CLANG_WARN_EMPTY_BODY = YES;
				CLANG_WARN_ENUM_CONVERSION = YES;
				CLANG_WARN_INFINITE_RECURSION = YES;
				CLANG_WARN_INT_CONVERSION = YES;
				CLANG_WARN_NON_LITERAL_NULL_CONVERSION = YES;
				CLANG_WARN_OBJC_IMPLICIT_RETAIN_SELF = YES;
				CLANG_WARN_OBJC_LITERAL_CONVERSION = YES;
				CLANG_WARN_OBJC_ROOT_CLASS = YES_ERROR;
				CLANG_WARN_QUOTED_INCLUDE_IN_FRAMEWORK_HEADER = YES;
				CLANG_WARN_RANGE_LOOP_ANALYSIS = YES;
				CLANG_WARN_STRICT_PROTOTYPES = YES;
				CLANG_WARN_SUSPICIOUS_MOVE = YES;
				CLANG_WARN_UNGUARDED_AVAILABILITY = YES_AGGRESSIVE;
				CLANG_WARN_UNREACHABLE_CODE = YES;
				CLANG_WARN__DUPLICATE_METHOD_MATCH = YES;
				COPY_PHASE_STRIP = NO;
				DEBUG_INFORMATION_FORMAT = dwarf;
				ENABLE_STRICT_OBJC_MSGSEND = YES;
				ENABLE_TESTABILITY = YES;
				ENABLE_USER_SCRIPT_SANDBOXING = YES;
				GCC_C_LANGUAGE_STANDARD = gnu17;
				GCC_DYNAMIC_NO_PIC = NO;
				GCC_NO_COMMON_BLOCKS = YES;
				GCC_OPTIMIZATION_LEVEL = 0;
				GCC_PREPROCESSOR_DEFINITIONS = (
					"DEBUG=1",
					"$(inherited)",
				);
				GCC_WARN_64_TO_32_BIT_CONVERSION = YES;
				GCC_WARN_ABOUT_RETURN_TYPE = YES_ERROR;
				GCC_WARN_UNDECLARED_SELECTOR = YES;
				GCC_WARN_UNINITIALIZED_AUTOS = YES_AGGRESSIVE;
				GCC_WARN_UNUSED_FUNCTION = YES;
				GCC_WARN_UNUSED_VARIABLE = YES;
				IPHONEOS_DEPLOYMENT_TARGET = 17.2;
				LOCALIZATION_PREFERS_STRING_CATALOGS = YES;
				MTL_ENABLE_DEBUG_INFO = INCLUDE_SOURCE;
				MTL_FAST_MATH = YES;
				ONLY_ACTIVE_ARCH = YES;
				SDKROOT = iphoneos;
				SWIFT_ACTIVE_COMPILATION_CONDITIONS = "DEBUG $(inherited)";
				SWIFT_OPTIMIZATION_LEVEL = "-Onone";
			};
			name = Debug;
		};
		4AADB2DB2AC5588500C5A40E /* Release */ = {
			isa = XCBuildConfiguration;
			buildSettings = {
				ALWAYS_SEARCH_USER_PATHS = NO;
				ASSETCATALOG_COMPILER_GENERATE_SWIFT_ASSET_SYMBOL_EXTENSIONS = YES;
				CLANG_ANALYZER_LOCALIZABILITY_NONLOCALIZED = YES;
				CLANG_ANALYZER_NONNULL = YES;
				CLANG_ANALYZER_NUMBER_OBJECT_CONVERSION = YES_AGGRESSIVE;
				CLANG_CXX_LANGUAGE_STANDARD = "gnu++20";
				CLANG_ENABLE_MODULES = YES;
				CLANG_ENABLE_OBJC_ARC = YES;
				CLANG_ENABLE_OBJC_WEAK = YES;
				CLANG_WARN_BLOCK_CAPTURE_AUTORELEASING = YES;
				CLANG_WARN_BOOL_CONVERSION = YES;
				CLANG_WARN_COMMA = YES;
				CLANG_WARN_CONSTANT_CONVERSION = YES;
				CLANG_WARN_DEPRECATED_OBJC_IMPLEMENTATIONS = YES;
				CLANG_WARN_DIRECT_OBJC_ISA_USAGE = YES_ERROR;
				CLANG_WARN_DOCUMENTATION_COMMENTS = YES;
				CLANG_WARN_EMPTY_BODY = YES;
				CLANG_WARN_ENUM_CONVERSION = YES;
				CLANG_WARN_INFINITE_RECURSION = YES;
				CLANG_WARN_INT_CONVERSION = YES;
				CLANG_WARN_NON_LITERAL_NULL_CONVERSION = YES;
				CLANG_WARN_OBJC_IMPLICIT_RETAIN_SELF = YES;
				CLANG_WARN_OBJC_LITERAL_CONVERSION = YES;
				CLANG_WARN_OBJC_ROOT_CLASS = YES_ERROR;
				CLANG_WARN_QUOTED_INCLUDE_IN_FRAMEWORK_HEADER = YES;
				CLANG_WARN_RANGE_LOOP_ANALYSIS = YES;
				CLANG_WARN_STRICT_PROTOTYPES = YES;
				CLANG_WARN_SUSPICIOUS_MOVE = YES;
				CLANG_WARN_UNGUARDED_AVAILABILITY = YES_AGGRESSIVE;
				CLANG_WARN_UNREACHABLE_CODE = YES;
				CLANG_WARN__DUPLICATE_METHOD_MATCH = YES;
				COPY_PHASE_STRIP = NO;
				DEBUG_INFORMATION_FORMAT = "dwarf-with-dsym";
				ENABLE_NS_ASSERTIONS = NO;
				ENABLE_STRICT_OBJC_MSGSEND = YES;
				ENABLE_USER_SCRIPT_SANDBOXING = YES;
				GCC_C_LANGUAGE_STANDARD = gnu17;
				GCC_NO_COMMON_BLOCKS = YES;
				GCC_WARN_64_TO_32_BIT_CONVERSION = YES;
				GCC_WARN_ABOUT_RETURN_TYPE = YES_ERROR;
				GCC_WARN_UNDECLARED_SELECTOR = YES;
				GCC_WARN_UNINITIALIZED_AUTOS = YES_AGGRESSIVE;
				GCC_WARN_UNUSED_FUNCTION = YES;
				GCC_WARN_UNUSED_VARIABLE = YES;
				IPHONEOS_DEPLOYMENT_TARGET = 17.2;
				LOCALIZATION_PREFERS_STRING_CATALOGS = YES;
				MTL_ENABLE_DEBUG_INFO = NO;
				MTL_FAST_MATH = YES;
				SDKROOT = iphoneos;
				SWIFT_COMPILATION_MODE = wholemodule;
				VALIDATE_PRODUCT = YES;
			};
			name = Release;
		};
		4AADB2DD2AC5588500C5A40E /* Debug */ = {
			isa = XCBuildConfiguration;
			buildSettings = {
				ASSETCATALOG_COMPILER_APPICON_NAME = AppIcon;
				ASSETCATALOG_COMPILER_GLOBAL_ACCENT_COLOR_NAME = AccentColor;
				CODE_SIGN_STYLE = Automatic;
				CURRENT_PROJECT_VERSION = 1;
				DEVELOPMENT_ASSET_PATHS = "\"MedicineNameQuiz_Sagae/Preview Content\"";
				DEVELOPMENT_TEAM = A7NHC7F23R;
				ENABLE_PREVIEWS = YES;
				ENABLE_USER_SCRIPT_SANDBOXING = NO;
				GENERATE_INFOPLIST_FILE = YES;
				INFOPLIST_KEY_UIApplicationSceneManifest_Generation = YES;
				INFOPLIST_KEY_UIApplicationSupportsIndirectInputEvents = YES;
				INFOPLIST_KEY_UILaunchScreen_Generation = YES;
				INFOPLIST_KEY_UISupportedInterfaceOrientations_iPad = "UIInterfaceOrientationPortrait UIInterfaceOrientationPortraitUpsideDown UIInterfaceOrientationLandscapeLeft UIInterfaceOrientationLandscapeRight";
				INFOPLIST_KEY_UISupportedInterfaceOrientations_iPhone = "UIInterfaceOrientationPortrait UIInterfaceOrientationLandscapeLeft UIInterfaceOrientationLandscapeRight";
				LD_RUNPATH_SEARCH_PATHS = (
					"$(inherited)",
					"@executable_path/Frameworks",
				);
				MARKETING_VERSION = 1.0;
				PRODUCT_BUNDLE_IDENTIFIER = "com.gmail.tsbs11152.MedicineNameQuiz-Sagae240323";
				PRODUCT_NAME = "$(TARGET_NAME)";
				SWIFT_EMIT_LOC_STRINGS = YES;
				SWIFT_VERSION = 5.0;
				TARGETED_DEVICE_FAMILY = "1,2";
			};
			name = Debug;
		};
		4AADB2DE2AC5588500C5A40E /* Release */ = {
			isa = XCBuildConfiguration;
			buildSettings = {
				ASSETCATALOG_COMPILER_APPICON_NAME = AppIcon;
				ASSETCATALOG_COMPILER_GLOBAL_ACCENT_COLOR_NAME = AccentColor;
				CODE_SIGN_STYLE = Automatic;
				CURRENT_PROJECT_VERSION = 1;
				DEVELOPMENT_ASSET_PATHS = "\"MedicineNameQuiz_Sagae/Preview Content\"";
				DEVELOPMENT_TEAM = A7NHC7F23R;
				ENABLE_PREVIEWS = YES;
				ENABLE_USER_SCRIPT_SANDBOXING = NO;
				GENERATE_INFOPLIST_FILE = YES;
				INFOPLIST_KEY_UIApplicationSceneManifest_Generation = YES;
				INFOPLIST_KEY_UIApplicationSupportsIndirectInputEvents = YES;
				INFOPLIST_KEY_UILaunchScreen_Generation = YES;
				INFOPLIST_KEY_UISupportedInterfaceOrientations_iPad = "UIInterfaceOrientationPortrait UIInterfaceOrientationPortraitUpsideDown UIInterfaceOrientationLandscapeLeft UIInterfaceOrientationLandscapeRight";
				INFOPLIST_KEY_UISupportedInterfaceOrientations_iPhone = "UIInterfaceOrientationPortrait UIInterfaceOrientationLandscapeLeft UIInterfaceOrientationLandscapeRight";
				LD_RUNPATH_SEARCH_PATHS = (
					"$(inherited)",
					"@executable_path/Frameworks",
				);
				MARKETING_VERSION = 1.0;
				PRODUCT_BUNDLE_IDENTIFIER = "com.gmail.tsbs11152.MedicineNameQuiz-Sagae240323";
				PRODUCT_NAME = "$(TARGET_NAME)";
				SWIFT_EMIT_LOC_STRINGS = YES;
				SWIFT_VERSION = 5.0;
				TARGETED_DEVICE_FAMILY = "1,2";
			};
			name = Release;
		};
/* End XCBuildConfiguration section */

/* Begin XCConfigurationList section */
		4AADB2C42AC5588300C5A40E /* Build configuration list for PBXProject "MedicineNameQuiz_Sagae" */ = {
			isa = XCConfigurationList;
			buildConfigurations = (
				4AADB2DA2AC5588500C5A40E /* Debug */,
				4AADB2DB2AC5588500C5A40E /* Release */,
			);
			defaultConfigurationIsVisible = 0;
			defaultConfigurationName = Release;
		};
		4AADB2DC2AC5588500C5A40E /* Build configuration list for PBXNativeTarget "MedicineNameQuiz_Sagae" */ = {
			isa = XCConfigurationList;
			buildConfigurations = (
				4AADB2DD2AC5588500C5A40E /* Debug */,
				4AADB2DE2AC5588500C5A40E /* Release */,
			);
			defaultConfigurationIsVisible = 0;
			defaultConfigurationName = Release;
		};
/* End XCConfigurationList section */

/* Begin XCVersionGroup section */
		4AADB2D72AC5588500C5A40E /* MedicineNameQuiz_Sagae.xcdatamodeld */ = {
			isa = XCVersionGroup;
			children = (
				4AADB2D82AC5588500C5A40E /* MedicineNameQuiz_Sagae.xcdatamodel */,
			);
			currentVersion = 4AADB2D82AC5588500C5A40E /* MedicineNameQuiz_Sagae.xcdatamodel */;
			path = MedicineNameQuiz_Sagae.xcdatamodeld;
			sourceTree = "<group>";
			versionGroupType = wrapper.xcdatamodel;
		};
/* End XCVersionGroup section */
	};
	rootObject = 4AADB2C12AC5588300C5A40E /* Project object */;
}
